<?xml version="1.0" encoding="UTF-8"?>
<CodeBlocks_project_file>
	<FileVersion major="1" minor="6"/>
	<Project>
		<Option title="KLEE"/>
		<Option makefile_is_custom="1"/>
		<Option compiler="gcc"/>
		<Option virtualFolders="CMake Files\;CMake Files\cmake\;CMake Files\cmake\modules\;CMake Files\..\;CMake Files\..\..\;CMake Files\..\..\..\;CMake Files\..\..\..\..\;CMake Files\..\..\..\..\usr\;CMake Files\..\..\..\..\usr\local\;CMake Files\..\..\..\..\usr\local\lib\;CMake Files\..\..\..\..\usr\local\lib\cmake\;CMake Files\..\..\..\..\usr\local\lib\cmake\STP\;CMake Files\..\runtime\;CMake Files\..\runtime\BuildKLEERuntimes-prefix\;CMake Files\..\runtime\BuildKLEERuntimes-prefix\tmp\;CMake Files\include\;CMake Files\include\klee\;CMake Files\include\klee\Config\;CMake Files\.git\;CMake Files\.git\refs\;CMake Files\.git\refs\heads\;CMake Files\lib\;CMake Files\lib\Basic\;CMake Files\lib\Support\;CMake Files\lib\Expr\;CMake Files\lib\Solver\;CMake Files\lib\Module\;CMake Files\lib\Core\;CMake Files\runtime\;CMake Files\runtime\Intrinsic\;CMake Files\runtime\klee-libc\;CMake Files\runtime\FreeStanding\;CMake Files\runtime\POSIX\;CMake Files\runtime\Runtest\;CMake Files\tools\;CMake Files\tools\gen-bout\;CMake Files\tools\gen-random-bout\;CMake Files\tools\kleaver\;CMake Files\tools\klee\;CMake Files\tools\klee-replay\;CMake Files\tools\klee-stats\;CMake Files\tools\ktest-tool\;CMake Files\docs\;"/>
		<Build>
			<Target title="all">
				<Option working_dir="/home/strahinja/repo"/>
				<Option type="4"/>
				<MakeCommands>
					<Build command="/usr/bin/make -j8 -f &quot;/home/strahinja/repo/Makefile&quot;  VERBOSE=1 all"/>
					<CompileFile command="/usr/bin/make -j8 -f &quot;/home/strahinja/repo/Makefile&quot;  VERBOSE=1 &quot;$file&quot;"/>
					<Clean command="/usr/bin/make -j8 -f &quot;/home/strahinja/repo/Makefile&quot;  VERBOSE=1 clean"/>
					<DistClean command="/usr/bin/make -j8 -f &quot;/home/strahinja/repo/Makefile&quot;  VERBOSE=1 clean"/>
				</MakeCommands>
			</Target>
			<Target title="install/strip">
				<Option working_dir="/home/strahinja/repo"/>
				<Option type="4"/>
				<MakeCommands>
					<Build command="/usr/bin/make -j8 -f &quot;/home/strahinja/repo/Makefile&quot;  VERBOSE=1 install/strip"/>
					<CompileFile command="/usr/bin/make -j8 -f &quot;/home/strahinja/repo/Makefile&quot;  VERBOSE=1 &quot;$file&quot;"/>
					<Clean command="/usr/bin/make -j8 -f &quot;/home/strahinja/repo/Makefile&quot;  VERBOSE=1 clean"/>
					<DistClean command="/usr/bin/make -j8 -f &quot;/home/strahinja/repo/Makefile&quot;  VERBOSE=1 clean"/>
				</MakeCommands>
			</Target>
			<Target title="edit_cache">
				<Option working_dir="/home/strahinja/repo"/>
				<Option type="4"/>
				<MakeCommands>
					<Build command="/usr/bin/make -j8 -f &quot;/home/strahinja/repo/Makefile&quot;  VERBOSE=1 edit_cache"/>
					<CompileFile command="/usr/bin/make -j8 -f &quot;/home/strahinja/repo/Makefile&quot;  VERBOSE=1 &quot;$file&quot;"/>
					<Clean command="/usr/bin/make -j8 -f &quot;/home/strahinja/repo/Makefile&quot;  VERBOSE=1 clean"/>
					<DistClean command="/usr/bin/make -j8 -f &quot;/home/strahinja/repo/Makefile&quot;  VERBOSE=1 clean"/>
				</MakeCommands>
			</Target>
			<Target title="clean_all">
				<Option working_dir="/home/strahinja/repo"/>
				<Option type="4"/>
				<MakeCommands>
					<Build command="/usr/bin/make -j8 -f &quot;/home/strahinja/repo/Makefile&quot;  VERBOSE=1 clean_all"/>
					<CompileFile command="/usr/bin/make -j8 -f &quot;/home/strahinja/repo/Makefile&quot;  VERBOSE=1 &quot;$file&quot;"/>
					<Clean command="/usr/bin/make -j8 -f &quot;/home/strahinja/repo/Makefile&quot;  VERBOSE=1 clean"/>
					<DistClean command="/usr/bin/make -j8 -f &quot;/home/strahinja/repo/Makefile&quot;  VERBOSE=1 clean"/>
				</MakeCommands>
			</Target>
			<Target title="rebuild_cache">
				<Option working_dir="/home/strahinja/repo"/>
				<Option type="4"/>
				<MakeCommands>
					<Build command="/usr/bin/make -j8 -f &quot;/home/strahinja/repo/Makefile&quot;  VERBOSE=1 rebuild_cache"/>
					<CompileFile command="/usr/bin/make -j8 -f &quot;/home/strahinja/repo/Makefile&quot;  VERBOSE=1 &quot;$file&quot;"/>
					<Clean command="/usr/bin/make -j8 -f &quot;/home/strahinja/repo/Makefile&quot;  VERBOSE=1 clean"/>
					<DistClean command="/usr/bin/make -j8 -f &quot;/home/strahinja/repo/Makefile&quot;  VERBOSE=1 clean"/>
				</MakeCommands>
			</Target>
			<Target title="list_install_components">
				<Option working_dir="/home/strahinja/repo"/>
				<Option type="4"/>
				<MakeCommands>
					<Build command="/usr/bin/make -j8 -f &quot;/home/strahinja/repo/Makefile&quot;  VERBOSE=1 list_install_components"/>
					<CompileFile command="/usr/bin/make -j8 -f &quot;/home/strahinja/repo/Makefile&quot;  VERBOSE=1 &quot;$file&quot;"/>
					<Clean command="/usr/bin/make -j8 -f &quot;/home/strahinja/repo/Makefile&quot;  VERBOSE=1 clean"/>
					<DistClean command="/usr/bin/make -j8 -f &quot;/home/strahinja/repo/Makefile&quot;  VERBOSE=1 clean"/>
				</MakeCommands>
			</Target>
			<Target title="install/local">
				<Option working_dir="/home/strahinja/repo"/>
				<Option type="4"/>
				<MakeCommands>
					<Build command="/usr/bin/make -j8 -f &quot;/home/strahinja/repo/Makefile&quot;  VERBOSE=1 install/local"/>
					<CompileFile command="/usr/bin/make -j8 -f &quot;/home/strahinja/repo/Makefile&quot;  VERBOSE=1 &quot;$file&quot;"/>
					<Clean command="/usr/bin/make -j8 -f &quot;/home/strahinja/repo/Makefile&quot;  VERBOSE=1 clean"/>
					<DistClean command="/usr/bin/make -j8 -f &quot;/home/strahinja/repo/Makefile&quot;  VERBOSE=1 clean"/>
				</MakeCommands>
			</Target>
			<Target title="install">
				<Option working_dir="/home/strahinja/repo"/>
				<Option type="4"/>
				<MakeCommands>
					<Build command="/usr/bin/make -j8 -f &quot;/home/strahinja/repo/Makefile&quot;  VERBOSE=1 install"/>
					<CompileFile command="/usr/bin/make -j8 -f &quot;/home/strahinja/repo/Makefile&quot;  VERBOSE=1 &quot;$file&quot;"/>
					<Clean command="/usr/bin/make -j8 -f &quot;/home/strahinja/repo/Makefile&quot;  VERBOSE=1 clean"/>
					<DistClean command="/usr/bin/make -j8 -f &quot;/home/strahinja/repo/Makefile&quot;  VERBOSE=1 clean"/>
				</MakeCommands>
			</Target>
			<Target title="kleeBasic">
				<Option output="/home/strahinja/repo/lib/libkleeBasic.a" prefix_auto="0" extension_auto="0"/>
				<Option working_dir="/home/strahinja/repo/lib/Basic"/>
				<Option object_output="./"/>
				<Option type="2"/>
				<Option compiler="gcc"/>
				<Compiler>
					<Add option="-D_GNU_SOURCE"/>
					<Add option="-D__STDC_CONSTANT_MACROS"/>
					<Add option="-D__STDC_FORMAT_MACROS"/>
					<Add option="-D__STDC_LIMIT_MACROS"/>
					<Add option="-DKLEE_UCLIBC_BCA_NAME=&quot;klee-uclibc.bca&quot;"/>
					<Add directory="/home/strahinja/repo/include"/>
					<Add directory="/home/strahinja/repo/klee/include"/>
					<Add directory="/usr/lib/llvm-6.0/include"/>
					<Add directory="/usr/include/c++/7"/>
					<Add directory="/usr/include/x86_64-linux-gnu/c++/7"/>
					<Add directory="/usr/include/c++/7/backward"/>
					<Add directory="/usr/lib/gcc/x86_64-linux-gnu/7/include"/>
					<Add directory="/usr/local/include"/>
					<Add directory="/usr/lib/gcc/x86_64-linux-gnu/7/include-fixed"/>
					<Add directory="/usr/include/x86_64-linux-gnu"/>
					<Add directory="/usr/include"/>
				</Compiler>
				<MakeCommands>
					<Build command="/usr/bin/make -j8 -f &quot;/home/strahinja/repo/lib/Basic/Makefile&quot;  VERBOSE=1 kleeBasic"/>
					<CompileFile command="/usr/bin/make -j8 -f &quot;/home/strahinja/repo/lib/Basic/Makefile&quot;  VERBOSE=1 &quot;$file&quot;"/>
					<Clean command="/usr/bin/make -j8 -f &quot;/home/strahinja/repo/lib/Basic/Makefile&quot;  VERBOSE=1 clean"/>
					<DistClean command="/usr/bin/make -j8 -f &quot;/home/strahinja/repo/lib/Basic/Makefile&quot;  VERBOSE=1 clean"/>
				</MakeCommands>
			</Target>
			<Target title="kleeBasic/fast">
				<Option output="/home/strahinja/repo/lib/libkleeBasic.a" prefix_auto="0" extension_auto="0"/>
				<Option working_dir="/home/strahinja/repo/lib/Basic"/>
				<Option object_output="./"/>
				<Option type="2"/>
				<Option compiler="gcc"/>
				<Compiler>
					<Add option="-D_GNU_SOURCE"/>
					<Add option="-D__STDC_CONSTANT_MACROS"/>
					<Add option="-D__STDC_FORMAT_MACROS"/>
					<Add option="-D__STDC_LIMIT_MACROS"/>
					<Add option="-DKLEE_UCLIBC_BCA_NAME=&quot;klee-uclibc.bca&quot;"/>
					<Add directory="/home/strahinja/repo/include"/>
					<Add directory="/home/strahinja/repo/klee/include"/>
					<Add directory="/usr/lib/llvm-6.0/include"/>
					<Add directory="/usr/include/c++/7"/>
					<Add directory="/usr/include/x86_64-linux-gnu/c++/7"/>
					<Add directory="/usr/include/c++/7/backward"/>
					<Add directory="/usr/lib/gcc/x86_64-linux-gnu/7/include"/>
					<Add directory="/usr/local/include"/>
					<Add directory="/usr/lib/gcc/x86_64-linux-gnu/7/include-fixed"/>
					<Add directory="/usr/include/x86_64-linux-gnu"/>
					<Add directory="/usr/include"/>
				</Compiler>
				<MakeCommands>
					<Build command="/usr/bin/make -j8 -f &quot;/home/strahinja/repo/lib/Basic/Makefile&quot;  VERBOSE=1 kleeBasic/fast"/>
					<CompileFile command="/usr/bin/make -j8 -f &quot;/home/strahinja/repo/lib/Basic/Makefile&quot;  VERBOSE=1 &quot;$file&quot;"/>
					<Clean command="/usr/bin/make -j8 -f &quot;/home/strahinja/repo/lib/Basic/Makefile&quot;  VERBOSE=1 clean"/>
					<DistClean command="/usr/bin/make -j8 -f &quot;/home/strahinja/repo/lib/Basic/Makefile&quot;  VERBOSE=1 clean"/>
				</MakeCommands>
			</Target>
			<Target title="kleeSupport">
				<Option output="/home/strahinja/repo/lib/libkleeSupport.a" prefix_auto="0" extension_auto="0"/>
				<Option working_dir="/home/strahinja/repo/lib/Support"/>
				<Option object_output="./"/>
				<Option type="2"/>
				<Option compiler="gcc"/>
				<Compiler>
					<Add option="-D_GNU_SOURCE"/>
					<Add option="-D__STDC_CONSTANT_MACROS"/>
					<Add option="-D__STDC_FORMAT_MACROS"/>
					<Add option="-D__STDC_LIMIT_MACROS"/>
					<Add option="-DKLEE_UCLIBC_BCA_NAME=&quot;klee-uclibc.bca&quot;"/>
					<Add directory="/home/strahinja/repo/include"/>
					<Add directory="/home/strahinja/repo/klee/include"/>
					<Add directory="/usr/lib/llvm-6.0/include"/>
					<Add directory="/usr/include/c++/7"/>
					<Add directory="/usr/include/x86_64-linux-gnu/c++/7"/>
					<Add directory="/usr/include/c++/7/backward"/>
					<Add directory="/usr/lib/gcc/x86_64-linux-gnu/7/include"/>
					<Add directory="/usr/local/include"/>
					<Add directory="/usr/lib/gcc/x86_64-linux-gnu/7/include-fixed"/>
					<Add directory="/usr/include/x86_64-linux-gnu"/>
					<Add directory="/usr/include"/>
				</Compiler>
				<MakeCommands>
					<Build command="/usr/bin/make -j8 -f &quot;/home/strahinja/repo/lib/Support/Makefile&quot;  VERBOSE=1 kleeSupport"/>
					<CompileFile command="/usr/bin/make -j8 -f &quot;/home/strahinja/repo/lib/Support/Makefile&quot;  VERBOSE=1 &quot;$file&quot;"/>
					<Clean command="/usr/bin/make -j8 -f &quot;/home/strahinja/repo/lib/Support/Makefile&quot;  VERBOSE=1 clean"/>
					<DistClean command="/usr/bin/make -j8 -f &quot;/home/strahinja/repo/lib/Support/Makefile&quot;  VERBOSE=1 clean"/>
				</MakeCommands>
			</Target>
			<Target title="kleeSupport/fast">
				<Option output="/home/strahinja/repo/lib/libkleeSupport.a" prefix_auto="0" extension_auto="0"/>
				<Option working_dir="/home/strahinja/repo/lib/Support"/>
				<Option object_output="./"/>
				<Option type="2"/>
				<Option compiler="gcc"/>
				<Compiler>
					<Add option="-D_GNU_SOURCE"/>
					<Add option="-D__STDC_CONSTANT_MACROS"/>
					<Add option="-D__STDC_FORMAT_MACROS"/>
					<Add option="-D__STDC_LIMIT_MACROS"/>
					<Add option="-DKLEE_UCLIBC_BCA_NAME=&quot;klee-uclibc.bca&quot;"/>
					<Add directory="/home/strahinja/repo/include"/>
					<Add directory="/home/strahinja/repo/klee/include"/>
					<Add directory="/usr/lib/llvm-6.0/include"/>
					<Add directory="/usr/include/c++/7"/>
					<Add directory="/usr/include/x86_64-linux-gnu/c++/7"/>
					<Add directory="/usr/include/c++/7/backward"/>
					<Add directory="/usr/lib/gcc/x86_64-linux-gnu/7/include"/>
					<Add directory="/usr/local/include"/>
					<Add directory="/usr/lib/gcc/x86_64-linux-gnu/7/include-fixed"/>
					<Add directory="/usr/include/x86_64-linux-gnu"/>
					<Add directory="/usr/include"/>
				</Compiler>
				<MakeCommands>
					<Build command="/usr/bin/make -j8 -f &quot;/home/strahinja/repo/lib/Support/Makefile&quot;  VERBOSE=1 kleeSupport/fast"/>
					<CompileFile command="/usr/bin/make -j8 -f &quot;/home/strahinja/repo/lib/Support/Makefile&quot;  VERBOSE=1 &quot;$file&quot;"/>
					<Clean command="/usr/bin/make -j8 -f &quot;/home/strahinja/repo/lib/Support/Makefile&quot;  VERBOSE=1 clean"/>
					<DistClean command="/usr/bin/make -j8 -f &quot;/home/strahinja/repo/lib/Support/Makefile&quot;  VERBOSE=1 clean"/>
				</MakeCommands>
			</Target>
			<Target title="kleaverExpr">
				<Option output="/home/strahinja/repo/lib/libkleaverExpr.a" prefix_auto="0" extension_auto="0"/>
				<Option working_dir="/home/strahinja/repo/lib/Expr"/>
				<Option object_output="./"/>
				<Option type="2"/>
				<Option compiler="gcc"/>
				<Compiler>
					<Add option="-D_GNU_SOURCE"/>
					<Add option="-D__STDC_CONSTANT_MACROS"/>
					<Add option="-D__STDC_FORMAT_MACROS"/>
					<Add option="-D__STDC_LIMIT_MACROS"/>
					<Add option="-DKLEE_UCLIBC_BCA_NAME=&quot;klee-uclibc.bca&quot;"/>
					<Add directory="/home/strahinja/repo/include"/>
					<Add directory="/home/strahinja/repo/klee/include"/>
					<Add directory="/usr/lib/llvm-6.0/include"/>
					<Add directory="/usr/include/c++/7"/>
					<Add directory="/usr/include/x86_64-linux-gnu/c++/7"/>
					<Add directory="/usr/include/c++/7/backward"/>
					<Add directory="/usr/lib/gcc/x86_64-linux-gnu/7/include"/>
					<Add directory="/usr/local/include"/>
					<Add directory="/usr/lib/gcc/x86_64-linux-gnu/7/include-fixed"/>
					<Add directory="/usr/include/x86_64-linux-gnu"/>
					<Add directory="/usr/include"/>
				</Compiler>
				<MakeCommands>
					<Build command="/usr/bin/make -j8 -f &quot;/home/strahinja/repo/lib/Expr/Makefile&quot;  VERBOSE=1 kleaverExpr"/>
					<CompileFile command="/usr/bin/make -j8 -f &quot;/home/strahinja/repo/lib/Expr/Makefile&quot;  VERBOSE=1 &quot;$file&quot;"/>
					<Clean command="/usr/bin/make -j8 -f &quot;/home/strahinja/repo/lib/Expr/Makefile&quot;  VERBOSE=1 clean"/>
					<DistClean command="/usr/bin/make -j8 -f &quot;/home/strahinja/repo/lib/Expr/Makefile&quot;  VERBOSE=1 clean"/>
				</MakeCommands>
			</Target>
			<Target title="kleaverExpr/fast">
				<Option output="/home/strahinja/repo/lib/libkleaverExpr.a" prefix_auto="0" extension_auto="0"/>
				<Option working_dir="/home/strahinja/repo/lib/Expr"/>
				<Option object_output="./"/>
				<Option type="2"/>
				<Option compiler="gcc"/>
				<Compiler>
					<Add option="-D_GNU_SOURCE"/>
					<Add option="-D__STDC_CONSTANT_MACROS"/>
					<Add option="-D__STDC_FORMAT_MACROS"/>
					<Add option="-D__STDC_LIMIT_MACROS"/>
					<Add option="-DKLEE_UCLIBC_BCA_NAME=&quot;klee-uclibc.bca&quot;"/>
					<Add directory="/home/strahinja/repo/include"/>
					<Add directory="/home/strahinja/repo/klee/include"/>
					<Add directory="/usr/lib/llvm-6.0/include"/>
					<Add directory="/usr/include/c++/7"/>
					<Add directory="/usr/include/x86_64-linux-gnu/c++/7"/>
					<Add directory="/usr/include/c++/7/backward"/>
					<Add directory="/usr/lib/gcc/x86_64-linux-gnu/7/include"/>
					<Add directory="/usr/local/include"/>
					<Add directory="/usr/lib/gcc/x86_64-linux-gnu/7/include-fixed"/>
					<Add directory="/usr/include/x86_64-linux-gnu"/>
					<Add directory="/usr/include"/>
				</Compiler>
				<MakeCommands>
					<Build command="/usr/bin/make -j8 -f &quot;/home/strahinja/repo/lib/Expr/Makefile&quot;  VERBOSE=1 kleaverExpr/fast"/>
					<CompileFile command="/usr/bin/make -j8 -f &quot;/home/strahinja/repo/lib/Expr/Makefile&quot;  VERBOSE=1 &quot;$file&quot;"/>
					<Clean command="/usr/bin/make -j8 -f &quot;/home/strahinja/repo/lib/Expr/Makefile&quot;  VERBOSE=1 clean"/>
					<DistClean command="/usr/bin/make -j8 -f &quot;/home/strahinja/repo/lib/Expr/Makefile&quot;  VERBOSE=1 clean"/>
				</MakeCommands>
			</Target>
			<Target title="kleaverSolver">
				<Option output="/home/strahinja/repo/lib/libkleaverSolver.a" prefix_auto="0" extension_auto="0"/>
				<Option working_dir="/home/strahinja/repo/lib/Solver"/>
				<Option object_output="./"/>
				<Option type="2"/>
				<Option compiler="gcc"/>
				<Compiler>
					<Add option="-D_GNU_SOURCE"/>
					<Add option="-D__STDC_CONSTANT_MACROS"/>
					<Add option="-D__STDC_FORMAT_MACROS"/>
					<Add option="-D__STDC_LIMIT_MACROS"/>
					<Add option="-DKLEE_UCLIBC_BCA_NAME=&quot;klee-uclibc.bca&quot;"/>
					<Add directory="/home/strahinja/repo/include"/>
					<Add directory="/home/strahinja/repo/klee/include"/>
					<Add directory="/usr/lib/llvm-6.0/include"/>
					<Add directory="/usr/include/c++/7"/>
					<Add directory="/usr/include/x86_64-linux-gnu/c++/7"/>
					<Add directory="/usr/include/c++/7/backward"/>
					<Add directory="/usr/lib/gcc/x86_64-linux-gnu/7/include"/>
					<Add directory="/usr/local/include"/>
					<Add directory="/usr/lib/gcc/x86_64-linux-gnu/7/include-fixed"/>
					<Add directory="/usr/include/x86_64-linux-gnu"/>
					<Add directory="/usr/include"/>
				</Compiler>
				<MakeCommands>
					<Build command="/usr/bin/make -j8 -f &quot;/home/strahinja/repo/lib/Solver/Makefile&quot;  VERBOSE=1 kleaverSolver"/>
					<CompileFile command="/usr/bin/make -j8 -f &quot;/home/strahinja/repo/lib/Solver/Makefile&quot;  VERBOSE=1 &quot;$file&quot;"/>
					<Clean command="/usr/bin/make -j8 -f &quot;/home/strahinja/repo/lib/Solver/Makefile&quot;  VERBOSE=1 clean"/>
					<DistClean command="/usr/bin/make -j8 -f &quot;/home/strahinja/repo/lib/Solver/Makefile&quot;  VERBOSE=1 clean"/>
				</MakeCommands>
			</Target>
			<Target title="kleaverSolver/fast">
				<Option output="/home/strahinja/repo/lib/libkleaverSolver.a" prefix_auto="0" extension_auto="0"/>
				<Option working_dir="/home/strahinja/repo/lib/Solver"/>
				<Option object_output="./"/>
				<Option type="2"/>
				<Option compiler="gcc"/>
				<Compiler>
					<Add option="-D_GNU_SOURCE"/>
					<Add option="-D__STDC_CONSTANT_MACROS"/>
					<Add option="-D__STDC_FORMAT_MACROS"/>
					<Add option="-D__STDC_LIMIT_MACROS"/>
					<Add option="-DKLEE_UCLIBC_BCA_NAME=&quot;klee-uclibc.bca&quot;"/>
					<Add directory="/home/strahinja/repo/include"/>
					<Add directory="/home/strahinja/repo/klee/include"/>
					<Add directory="/usr/lib/llvm-6.0/include"/>
					<Add directory="/usr/include/c++/7"/>
					<Add directory="/usr/include/x86_64-linux-gnu/c++/7"/>
					<Add directory="/usr/include/c++/7/backward"/>
					<Add directory="/usr/lib/gcc/x86_64-linux-gnu/7/include"/>
					<Add directory="/usr/local/include"/>
					<Add directory="/usr/lib/gcc/x86_64-linux-gnu/7/include-fixed"/>
					<Add directory="/usr/include/x86_64-linux-gnu"/>
					<Add directory="/usr/include"/>
				</Compiler>
				<MakeCommands>
					<Build command="/usr/bin/make -j8 -f &quot;/home/strahinja/repo/lib/Solver/Makefile&quot;  VERBOSE=1 kleaverSolver/fast"/>
					<CompileFile command="/usr/bin/make -j8 -f &quot;/home/strahinja/repo/lib/Solver/Makefile&quot;  VERBOSE=1 &quot;$file&quot;"/>
					<Clean command="/usr/bin/make -j8 -f &quot;/home/strahinja/repo/lib/Solver/Makefile&quot;  VERBOSE=1 clean"/>
					<DistClean command="/usr/bin/make -j8 -f &quot;/home/strahinja/repo/lib/Solver/Makefile&quot;  VERBOSE=1 clean"/>
				</MakeCommands>
			</Target>
			<Target title="kleeModule">
				<Option output="/home/strahinja/repo/lib/libkleeModule.a" prefix_auto="0" extension_auto="0"/>
				<Option working_dir="/home/strahinja/repo/lib/Module"/>
				<Option object_output="./"/>
				<Option type="2"/>
				<Option compiler="gcc"/>
				<Compiler>
					<Add option="-D_GNU_SOURCE"/>
					<Add option="-D__STDC_CONSTANT_MACROS"/>
					<Add option="-D__STDC_FORMAT_MACROS"/>
					<Add option="-D__STDC_LIMIT_MACROS"/>
					<Add option="-DKLEE_UCLIBC_BCA_NAME=&quot;klee-uclibc.bca&quot;"/>
					<Add directory="/home/strahinja/repo/include"/>
					<Add directory="/home/strahinja/repo/klee/include"/>
					<Add directory="/usr/lib/llvm-6.0/include"/>
					<Add directory="/usr/include/c++/7"/>
					<Add directory="/usr/include/x86_64-linux-gnu/c++/7"/>
					<Add directory="/usr/include/c++/7/backward"/>
					<Add directory="/usr/lib/gcc/x86_64-linux-gnu/7/include"/>
					<Add directory="/usr/local/include"/>
					<Add directory="/usr/lib/gcc/x86_64-linux-gnu/7/include-fixed"/>
					<Add directory="/usr/include/x86_64-linux-gnu"/>
					<Add directory="/usr/include"/>
				</Compiler>
				<MakeCommands>
					<Build command="/usr/bin/make -j8 -f &quot;/home/strahinja/repo/lib/Module/Makefile&quot;  VERBOSE=1 kleeModule"/>
					<CompileFile command="/usr/bin/make -j8 -f &quot;/home/strahinja/repo/lib/Module/Makefile&quot;  VERBOSE=1 &quot;$file&quot;"/>
					<Clean command="/usr/bin/make -j8 -f &quot;/home/strahinja/repo/lib/Module/Makefile&quot;  VERBOSE=1 clean"/>
					<DistClean command="/usr/bin/make -j8 -f &quot;/home/strahinja/repo/lib/Module/Makefile&quot;  VERBOSE=1 clean"/>
				</MakeCommands>
			</Target>
			<Target title="kleeModule/fast">
				<Option output="/home/strahinja/repo/lib/libkleeModule.a" prefix_auto="0" extension_auto="0"/>
				<Option working_dir="/home/strahinja/repo/lib/Module"/>
				<Option object_output="./"/>
				<Option type="2"/>
				<Option compiler="gcc"/>
				<Compiler>
					<Add option="-D_GNU_SOURCE"/>
					<Add option="-D__STDC_CONSTANT_MACROS"/>
					<Add option="-D__STDC_FORMAT_MACROS"/>
					<Add option="-D__STDC_LIMIT_MACROS"/>
					<Add option="-DKLEE_UCLIBC_BCA_NAME=&quot;klee-uclibc.bca&quot;"/>
					<Add directory="/home/strahinja/repo/include"/>
					<Add directory="/home/strahinja/repo/klee/include"/>
					<Add directory="/usr/lib/llvm-6.0/include"/>
					<Add directory="/usr/include/c++/7"/>
					<Add directory="/usr/include/x86_64-linux-gnu/c++/7"/>
					<Add directory="/usr/include/c++/7/backward"/>
					<Add directory="/usr/lib/gcc/x86_64-linux-gnu/7/include"/>
					<Add directory="/usr/local/include"/>
					<Add directory="/usr/lib/gcc/x86_64-linux-gnu/7/include-fixed"/>
					<Add directory="/usr/include/x86_64-linux-gnu"/>
					<Add directory="/usr/include"/>
				</Compiler>
				<MakeCommands>
					<Build command="/usr/bin/make -j8 -f &quot;/home/strahinja/repo/lib/Module/Makefile&quot;  VERBOSE=1 kleeModule/fast"/>
					<CompileFile command="/usr/bin/make -j8 -f &quot;/home/strahinja/repo/lib/Module/Makefile&quot;  VERBOSE=1 &quot;$file&quot;"/>
					<Clean command="/usr/bin/make -j8 -f &quot;/home/strahinja/repo/lib/Module/Makefile&quot;  VERBOSE=1 clean"/>
					<DistClean command="/usr/bin/make -j8 -f &quot;/home/strahinja/repo/lib/Module/Makefile&quot;  VERBOSE=1 clean"/>
				</MakeCommands>
			</Target>
			<Target title="kleeCore">
				<Option output="/home/strahinja/repo/lib/libkleeCore.a" prefix_auto="0" extension_auto="0"/>
				<Option working_dir="/home/strahinja/repo/lib/Core"/>
				<Option object_output="./"/>
				<Option type="2"/>
				<Option compiler="gcc"/>
				<Compiler>
					<Add option="-D_GNU_SOURCE"/>
					<Add option="-D__STDC_CONSTANT_MACROS"/>
					<Add option="-D__STDC_FORMAT_MACROS"/>
					<Add option="-D__STDC_LIMIT_MACROS"/>
					<Add option="-DKLEE_UCLIBC_BCA_NAME=&quot;klee-uclibc.bca&quot;"/>
					<Add directory="/home/strahinja/repo/include"/>
					<Add directory="/home/strahinja/repo/klee/include"/>
					<Add directory="/usr/lib/llvm-6.0/include"/>
					<Add directory="/usr/include/c++/7"/>
					<Add directory="/usr/include/x86_64-linux-gnu/c++/7"/>
					<Add directory="/usr/include/c++/7/backward"/>
					<Add directory="/usr/lib/gcc/x86_64-linux-gnu/7/include"/>
					<Add directory="/usr/local/include"/>
					<Add directory="/usr/lib/gcc/x86_64-linux-gnu/7/include-fixed"/>
					<Add directory="/usr/include/x86_64-linux-gnu"/>
					<Add directory="/usr/include"/>
				</Compiler>
				<MakeCommands>
					<Build command="/usr/bin/make -j8 -f &quot;/home/strahinja/repo/lib/Core/Makefile&quot;  VERBOSE=1 kleeCore"/>
					<CompileFile command="/usr/bin/make -j8 -f &quot;/home/strahinja/repo/lib/Core/Makefile&quot;  VERBOSE=1 &quot;$file&quot;"/>
					<Clean command="/usr/bin/make -j8 -f &quot;/home/strahinja/repo/lib/Core/Makefile&quot;  VERBOSE=1 clean"/>
					<DistClean command="/usr/bin/make -j8 -f &quot;/home/strahinja/repo/lib/Core/Makefile&quot;  VERBOSE=1 clean"/>
				</MakeCommands>
			</Target>
			<Target title="kleeCore/fast">
				<Option output="/home/strahinja/repo/lib/libkleeCore.a" prefix_auto="0" extension_auto="0"/>
				<Option working_dir="/home/strahinja/repo/lib/Core"/>
				<Option object_output="./"/>
				<Option type="2"/>
				<Option compiler="gcc"/>
				<Compiler>
					<Add option="-D_GNU_SOURCE"/>
					<Add option="-D__STDC_CONSTANT_MACROS"/>
					<Add option="-D__STDC_FORMAT_MACROS"/>
					<Add option="-D__STDC_LIMIT_MACROS"/>
					<Add option="-DKLEE_UCLIBC_BCA_NAME=&quot;klee-uclibc.bca&quot;"/>
					<Add directory="/home/strahinja/repo/include"/>
					<Add directory="/home/strahinja/repo/klee/include"/>
					<Add directory="/usr/lib/llvm-6.0/include"/>
					<Add directory="/usr/include/c++/7"/>
					<Add directory="/usr/include/x86_64-linux-gnu/c++/7"/>
					<Add directory="/usr/include/c++/7/backward"/>
					<Add directory="/usr/lib/gcc/x86_64-linux-gnu/7/include"/>
					<Add directory="/usr/local/include"/>
					<Add directory="/usr/lib/gcc/x86_64-linux-gnu/7/include-fixed"/>
					<Add directory="/usr/include/x86_64-linux-gnu"/>
					<Add directory="/usr/include"/>
				</Compiler>
				<MakeCommands>
					<Build command="/usr/bin/make -j8 -f &quot;/home/strahinja/repo/lib/Core/Makefile&quot;  VERBOSE=1 kleeCore/fast"/>
					<CompileFile command="/usr/bin/make -j8 -f &quot;/home/strahinja/repo/lib/Core/Makefile&quot;  VERBOSE=1 &quot;$file&quot;"/>
					<Clean command="/usr/bin/make -j8 -f &quot;/home/strahinja/repo/lib/Core/Makefile&quot;  VERBOSE=1 clean"/>
					<DistClean command="/usr/bin/make -j8 -f &quot;/home/strahinja/repo/lib/Core/Makefile&quot;  VERBOSE=1 clean"/>
				</MakeCommands>
			</Target>
			<Target title="clean_runtime">
				<Option working_dir="/home/strahinja/repo/runtime"/>
				<Option type="4"/>
				<MakeCommands>
					<Build command="/usr/bin/make -j8 -f &quot;/home/strahinja/repo/runtime/Makefile&quot;  VERBOSE=1 clean_runtime"/>
					<CompileFile command="/usr/bin/make -j8 -f &quot;/home/strahinja/repo/runtime/Makefile&quot;  VERBOSE=1 &quot;$file&quot;"/>
					<Clean command="/usr/bin/make -j8 -f &quot;/home/strahinja/repo/runtime/Makefile&quot;  VERBOSE=1 clean"/>
					<DistClean command="/usr/bin/make -j8 -f &quot;/home/strahinja/repo/runtime/Makefile&quot;  VERBOSE=1 clean"/>
				</MakeCommands>
			</Target>
			<Target title="BuildKLEERuntimes">
				<Option working_dir="/home/strahinja/repo/runtime"/>
				<Option type="4"/>
				<MakeCommands>
					<Build command="/usr/bin/make -j8 -f &quot;/home/strahinja/repo/runtime/Makefile&quot;  VERBOSE=1 BuildKLEERuntimes"/>
					<CompileFile command="/usr/bin/make -j8 -f &quot;/home/strahinja/repo/runtime/Makefile&quot;  VERBOSE=1 &quot;$file&quot;"/>
					<Clean command="/usr/bin/make -j8 -f &quot;/home/strahinja/repo/runtime/Makefile&quot;  VERBOSE=1 clean"/>
					<DistClean command="/usr/bin/make -j8 -f &quot;/home/strahinja/repo/runtime/Makefile&quot;  VERBOSE=1 clean"/>
				</MakeCommands>
			</Target>
			<Target title="kleeRuntest">
				<Option output="/home/strahinja/repo/lib/libkleeRuntest.so" prefix_auto="0" extension_auto="0"/>
				<Option working_dir="/home/strahinja/repo/runtime/Runtest"/>
				<Option object_output="./"/>
				<Option type="3"/>
				<Option compiler="gcc"/>
				<Compiler>
					<Add directory="/home/strahinja/repo/include"/>
					<Add directory="/home/strahinja/repo/klee/include"/>
					<Add directory="/usr/include/c++/7"/>
					<Add directory="/usr/include/x86_64-linux-gnu/c++/7"/>
					<Add directory="/usr/include/c++/7/backward"/>
					<Add directory="/usr/lib/gcc/x86_64-linux-gnu/7/include"/>
					<Add directory="/usr/local/include"/>
					<Add directory="/usr/lib/gcc/x86_64-linux-gnu/7/include-fixed"/>
					<Add directory="/usr/include/x86_64-linux-gnu"/>
					<Add directory="/usr/include"/>
				</Compiler>
				<MakeCommands>
					<Build command="/usr/bin/make -j8 -f &quot;/home/strahinja/repo/runtime/Runtest/Makefile&quot;  VERBOSE=1 kleeRuntest"/>
					<CompileFile command="/usr/bin/make -j8 -f &quot;/home/strahinja/repo/runtime/Runtest/Makefile&quot;  VERBOSE=1 &quot;$file&quot;"/>
					<Clean command="/usr/bin/make -j8 -f &quot;/home/strahinja/repo/runtime/Runtest/Makefile&quot;  VERBOSE=1 clean"/>
					<DistClean command="/usr/bin/make -j8 -f &quot;/home/strahinja/repo/runtime/Runtest/Makefile&quot;  VERBOSE=1 clean"/>
				</MakeCommands>
			</Target>
			<Target title="kleeRuntest/fast">
				<Option output="/home/strahinja/repo/lib/libkleeRuntest.so" prefix_auto="0" extension_auto="0"/>
				<Option working_dir="/home/strahinja/repo/runtime/Runtest"/>
				<Option object_output="./"/>
				<Option type="3"/>
				<Option compiler="gcc"/>
				<Compiler>
					<Add directory="/home/strahinja/repo/include"/>
					<Add directory="/home/strahinja/repo/klee/include"/>
					<Add directory="/usr/include/c++/7"/>
					<Add directory="/usr/include/x86_64-linux-gnu/c++/7"/>
					<Add directory="/usr/include/c++/7/backward"/>
					<Add directory="/usr/lib/gcc/x86_64-linux-gnu/7/include"/>
					<Add directory="/usr/local/include"/>
					<Add directory="/usr/lib/gcc/x86_64-linux-gnu/7/include-fixed"/>
					<Add directory="/usr/include/x86_64-linux-gnu"/>
					<Add directory="/usr/include"/>
				</Compiler>
				<MakeCommands>
					<Build command="/usr/bin/make -j8 -f &quot;/home/strahinja/repo/runtime/Runtest/Makefile&quot;  VERBOSE=1 kleeRuntest/fast"/>
					<CompileFile command="/usr/bin/make -j8 -f &quot;/home/strahinja/repo/runtime/Runtest/Makefile&quot;  VERBOSE=1 &quot;$file&quot;"/>
					<Clean command="/usr/bin/make -j8 -f &quot;/home/strahinja/repo/runtime/Runtest/Makefile&quot;  VERBOSE=1 clean"/>
					<DistClean command="/usr/bin/make -j8 -f &quot;/home/strahinja/repo/runtime/Runtest/Makefile&quot;  VERBOSE=1 clean"/>
				</MakeCommands>
			</Target>
			<Target title="gen-bout">
				<Option output="/home/strahinja/repo/bin/gen-bout" prefix_auto="0" extension_auto="0"/>
				<Option working_dir="/home/strahinja/repo/bin"/>
				<Option object_output="./"/>
				<Option type="1"/>
				<Option compiler="gcc"/>
				<Compiler>
					<Add option="-D_GNU_SOURCE"/>
					<Add option="-D__STDC_CONSTANT_MACROS"/>
					<Add option="-D__STDC_FORMAT_MACROS"/>
					<Add option="-D__STDC_LIMIT_MACROS"/>
					<Add option="-DKLEE_UCLIBC_BCA_NAME=&quot;klee-uclibc.bca&quot;"/>
					<Add directory="/home/strahinja/repo/include"/>
					<Add directory="/home/strahinja/repo/klee/include"/>
					<Add directory="/usr/lib/llvm-6.0/include"/>
					<Add directory="/usr/include/c++/7"/>
					<Add directory="/usr/include/x86_64-linux-gnu/c++/7"/>
					<Add directory="/usr/include/c++/7/backward"/>
					<Add directory="/usr/lib/gcc/x86_64-linux-gnu/7/include"/>
					<Add directory="/usr/local/include"/>
					<Add directory="/usr/lib/gcc/x86_64-linux-gnu/7/include-fixed"/>
					<Add directory="/usr/include/x86_64-linux-gnu"/>
					<Add directory="/usr/include"/>
				</Compiler>
				<MakeCommands>
					<Build command="/usr/bin/make -j8 -f &quot;/home/strahinja/repo/tools/gen-bout/Makefile&quot;  VERBOSE=1 gen-bout"/>
					<CompileFile command="/usr/bin/make -j8 -f &quot;/home/strahinja/repo/tools/gen-bout/Makefile&quot;  VERBOSE=1 &quot;$file&quot;"/>
					<Clean command="/usr/bin/make -j8 -f &quot;/home/strahinja/repo/tools/gen-bout/Makefile&quot;  VERBOSE=1 clean"/>
					<DistClean command="/usr/bin/make -j8 -f &quot;/home/strahinja/repo/tools/gen-bout/Makefile&quot;  VERBOSE=1 clean"/>
				</MakeCommands>
			</Target>
			<Target title="gen-bout/fast">
				<Option output="/home/strahinja/repo/bin/gen-bout" prefix_auto="0" extension_auto="0"/>
				<Option working_dir="/home/strahinja/repo/bin"/>
				<Option object_output="./"/>
				<Option type="1"/>
				<Option compiler="gcc"/>
				<Compiler>
					<Add option="-D_GNU_SOURCE"/>
					<Add option="-D__STDC_CONSTANT_MACROS"/>
					<Add option="-D__STDC_FORMAT_MACROS"/>
					<Add option="-D__STDC_LIMIT_MACROS"/>
					<Add option="-DKLEE_UCLIBC_BCA_NAME=&quot;klee-uclibc.bca&quot;"/>
					<Add directory="/home/strahinja/repo/include"/>
					<Add directory="/home/strahinja/repo/klee/include"/>
					<Add directory="/usr/lib/llvm-6.0/include"/>
					<Add directory="/usr/include/c++/7"/>
					<Add directory="/usr/include/x86_64-linux-gnu/c++/7"/>
					<Add directory="/usr/include/c++/7/backward"/>
					<Add directory="/usr/lib/gcc/x86_64-linux-gnu/7/include"/>
					<Add directory="/usr/local/include"/>
					<Add directory="/usr/lib/gcc/x86_64-linux-gnu/7/include-fixed"/>
					<Add directory="/usr/include/x86_64-linux-gnu"/>
					<Add directory="/usr/include"/>
				</Compiler>
				<MakeCommands>
					<Build command="/usr/bin/make -j8 -f &quot;/home/strahinja/repo/tools/gen-bout/Makefile&quot;  VERBOSE=1 gen-bout/fast"/>
					<CompileFile command="/usr/bin/make -j8 -f &quot;/home/strahinja/repo/tools/gen-bout/Makefile&quot;  VERBOSE=1 &quot;$file&quot;"/>
					<Clean command="/usr/bin/make -j8 -f &quot;/home/strahinja/repo/tools/gen-bout/Makefile&quot;  VERBOSE=1 clean"/>
					<DistClean command="/usr/bin/make -j8 -f &quot;/home/strahinja/repo/tools/gen-bout/Makefile&quot;  VERBOSE=1 clean"/>
				</MakeCommands>
			</Target>
			<Target title="gen-random-bout">
				<Option output="/home/strahinja/repo/bin/gen-random-bout" prefix_auto="0" extension_auto="0"/>
				<Option working_dir="/home/strahinja/repo/bin"/>
				<Option object_output="./"/>
				<Option type="1"/>
				<Option compiler="gcc"/>
				<Compiler>
					<Add option="-D_GNU_SOURCE"/>
					<Add option="-D__STDC_CONSTANT_MACROS"/>
					<Add option="-D__STDC_FORMAT_MACROS"/>
					<Add option="-D__STDC_LIMIT_MACROS"/>
					<Add option="-DKLEE_UCLIBC_BCA_NAME=&quot;klee-uclibc.bca&quot;"/>
					<Add directory="/home/strahinja/repo/include"/>
					<Add directory="/home/strahinja/repo/klee/include"/>
					<Add directory="/usr/lib/llvm-6.0/include"/>
					<Add directory="/usr/include/c++/7"/>
					<Add directory="/usr/include/x86_64-linux-gnu/c++/7"/>
					<Add directory="/usr/include/c++/7/backward"/>
					<Add directory="/usr/lib/gcc/x86_64-linux-gnu/7/include"/>
					<Add directory="/usr/local/include"/>
					<Add directory="/usr/lib/gcc/x86_64-linux-gnu/7/include-fixed"/>
					<Add directory="/usr/include/x86_64-linux-gnu"/>
					<Add directory="/usr/include"/>
				</Compiler>
				<MakeCommands>
					<Build command="/usr/bin/make -j8 -f &quot;/home/strahinja/repo/tools/gen-random-bout/Makefile&quot;  VERBOSE=1 gen-random-bout"/>
					<CompileFile command="/usr/bin/make -j8 -f &quot;/home/strahinja/repo/tools/gen-random-bout/Makefile&quot;  VERBOSE=1 &quot;$file&quot;"/>
					<Clean command="/usr/bin/make -j8 -f &quot;/home/strahinja/repo/tools/gen-random-bout/Makefile&quot;  VERBOSE=1 clean"/>
					<DistClean command="/usr/bin/make -j8 -f &quot;/home/strahinja/repo/tools/gen-random-bout/Makefile&quot;  VERBOSE=1 clean"/>
				</MakeCommands>
			</Target>
			<Target title="gen-random-bout/fast">
				<Option output="/home/strahinja/repo/bin/gen-random-bout" prefix_auto="0" extension_auto="0"/>
				<Option working_dir="/home/strahinja/repo/bin"/>
				<Option object_output="./"/>
				<Option type="1"/>
				<Option compiler="gcc"/>
				<Compiler>
					<Add option="-D_GNU_SOURCE"/>
					<Add option="-D__STDC_CONSTANT_MACROS"/>
					<Add option="-D__STDC_FORMAT_MACROS"/>
					<Add option="-D__STDC_LIMIT_MACROS"/>
					<Add option="-DKLEE_UCLIBC_BCA_NAME=&quot;klee-uclibc.bca&quot;"/>
					<Add directory="/home/strahinja/repo/include"/>
					<Add directory="/home/strahinja/repo/klee/include"/>
					<Add directory="/usr/lib/llvm-6.0/include"/>
					<Add directory="/usr/include/c++/7"/>
					<Add directory="/usr/include/x86_64-linux-gnu/c++/7"/>
					<Add directory="/usr/include/c++/7/backward"/>
					<Add directory="/usr/lib/gcc/x86_64-linux-gnu/7/include"/>
					<Add directory="/usr/local/include"/>
					<Add directory="/usr/lib/gcc/x86_64-linux-gnu/7/include-fixed"/>
					<Add directory="/usr/include/x86_64-linux-gnu"/>
					<Add directory="/usr/include"/>
				</Compiler>
				<MakeCommands>
					<Build command="/usr/bin/make -j8 -f &quot;/home/strahinja/repo/tools/gen-random-bout/Makefile&quot;  VERBOSE=1 gen-random-bout/fast"/>
					<CompileFile command="/usr/bin/make -j8 -f &quot;/home/strahinja/repo/tools/gen-random-bout/Makefile&quot;  VERBOSE=1 &quot;$file&quot;"/>
					<Clean command="/usr/bin/make -j8 -f &quot;/home/strahinja/repo/tools/gen-random-bout/Makefile&quot;  VERBOSE=1 clean"/>
					<DistClean command="/usr/bin/make -j8 -f &quot;/home/strahinja/repo/tools/gen-random-bout/Makefile&quot;  VERBOSE=1 clean"/>
				</MakeCommands>
			</Target>
			<Target title="kleaver">
				<Option output="/home/strahinja/repo/bin/kleaver" prefix_auto="0" extension_auto="0"/>
				<Option working_dir="/home/strahinja/repo/bin"/>
				<Option object_output="./"/>
				<Option type="1"/>
				<Option compiler="gcc"/>
				<Compiler>
					<Add option="-D_GNU_SOURCE"/>
					<Add option="-D__STDC_CONSTANT_MACROS"/>
					<Add option="-D__STDC_FORMAT_MACROS"/>
					<Add option="-D__STDC_LIMIT_MACROS"/>
					<Add option="-DKLEE_UCLIBC_BCA_NAME=&quot;klee-uclibc.bca&quot;"/>
					<Add directory="/home/strahinja/repo/include"/>
					<Add directory="/home/strahinja/repo/klee/include"/>
					<Add directory="/usr/lib/llvm-6.0/include"/>
					<Add directory="/usr/include/c++/7"/>
					<Add directory="/usr/include/x86_64-linux-gnu/c++/7"/>
					<Add directory="/usr/include/c++/7/backward"/>
					<Add directory="/usr/lib/gcc/x86_64-linux-gnu/7/include"/>
					<Add directory="/usr/local/include"/>
					<Add directory="/usr/lib/gcc/x86_64-linux-gnu/7/include-fixed"/>
					<Add directory="/usr/include/x86_64-linux-gnu"/>
					<Add directory="/usr/include"/>
				</Compiler>
				<MakeCommands>
					<Build command="/usr/bin/make -j8 -f &quot;/home/strahinja/repo/tools/kleaver/Makefile&quot;  VERBOSE=1 kleaver"/>
					<CompileFile command="/usr/bin/make -j8 -f &quot;/home/strahinja/repo/tools/kleaver/Makefile&quot;  VERBOSE=1 &quot;$file&quot;"/>
					<Clean command="/usr/bin/make -j8 -f &quot;/home/strahinja/repo/tools/kleaver/Makefile&quot;  VERBOSE=1 clean"/>
					<DistClean command="/usr/bin/make -j8 -f &quot;/home/strahinja/repo/tools/kleaver/Makefile&quot;  VERBOSE=1 clean"/>
				</MakeCommands>
			</Target>
			<Target title="kleaver/fast">
				<Option output="/home/strahinja/repo/bin/kleaver" prefix_auto="0" extension_auto="0"/>
				<Option working_dir="/home/strahinja/repo/bin"/>
				<Option object_output="./"/>
				<Option type="1"/>
				<Option compiler="gcc"/>
				<Compiler>
					<Add option="-D_GNU_SOURCE"/>
					<Add option="-D__STDC_CONSTANT_MACROS"/>
					<Add option="-D__STDC_FORMAT_MACROS"/>
					<Add option="-D__STDC_LIMIT_MACROS"/>
					<Add option="-DKLEE_UCLIBC_BCA_NAME=&quot;klee-uclibc.bca&quot;"/>
					<Add directory="/home/strahinja/repo/include"/>
					<Add directory="/home/strahinja/repo/klee/include"/>
					<Add directory="/usr/lib/llvm-6.0/include"/>
					<Add directory="/usr/include/c++/7"/>
					<Add directory="/usr/include/x86_64-linux-gnu/c++/7"/>
					<Add directory="/usr/include/c++/7/backward"/>
					<Add directory="/usr/lib/gcc/x86_64-linux-gnu/7/include"/>
					<Add directory="/usr/local/include"/>
					<Add directory="/usr/lib/gcc/x86_64-linux-gnu/7/include-fixed"/>
					<Add directory="/usr/include/x86_64-linux-gnu"/>
					<Add directory="/usr/include"/>
				</Compiler>
				<MakeCommands>
					<Build command="/usr/bin/make -j8 -f &quot;/home/strahinja/repo/tools/kleaver/Makefile&quot;  VERBOSE=1 kleaver/fast"/>
					<CompileFile command="/usr/bin/make -j8 -f &quot;/home/strahinja/repo/tools/kleaver/Makefile&quot;  VERBOSE=1 &quot;$file&quot;"/>
					<Clean command="/usr/bin/make -j8 -f &quot;/home/strahinja/repo/tools/kleaver/Makefile&quot;  VERBOSE=1 clean"/>
					<DistClean command="/usr/bin/make -j8 -f &quot;/home/strahinja/repo/tools/kleaver/Makefile&quot;  VERBOSE=1 clean"/>
				</MakeCommands>
			</Target>
			<Target title="klee">
				<Option output="/home/strahinja/repo/bin/klee" prefix_auto="0" extension_auto="0"/>
				<Option working_dir="/home/strahinja/repo/bin"/>
				<Option object_output="./"/>
				<Option type="1"/>
				<Option compiler="gcc"/>
				<Compiler>
					<Add option="-D_GNU_SOURCE"/>
					<Add option="-D__STDC_CONSTANT_MACROS"/>
					<Add option="-D__STDC_FORMAT_MACROS"/>
					<Add option="-D__STDC_LIMIT_MACROS"/>
					<Add option="-DKLEE_UCLIBC_BCA_NAME=&quot;klee-uclibc.bca&quot;"/>
					<Add directory="/home/strahinja/repo/include"/>
					<Add directory="/home/strahinja/repo/klee/include"/>
					<Add directory="/usr/lib/llvm-6.0/include"/>
					<Add directory="/usr/include/c++/7"/>
					<Add directory="/usr/include/x86_64-linux-gnu/c++/7"/>
					<Add directory="/usr/include/c++/7/backward"/>
					<Add directory="/usr/lib/gcc/x86_64-linux-gnu/7/include"/>
					<Add directory="/usr/local/include"/>
					<Add directory="/usr/lib/gcc/x86_64-linux-gnu/7/include-fixed"/>
					<Add directory="/usr/include/x86_64-linux-gnu"/>
					<Add directory="/usr/include"/>
				</Compiler>
				<MakeCommands>
					<Build command="/usr/bin/make -j8 -f &quot;/home/strahinja/repo/tools/klee/Makefile&quot;  VERBOSE=1 klee"/>
					<CompileFile command="/usr/bin/make -j8 -f &quot;/home/strahinja/repo/tools/klee/Makefile&quot;  VERBOSE=1 &quot;$file&quot;"/>
					<Clean command="/usr/bin/make -j8 -f &quot;/home/strahinja/repo/tools/klee/Makefile&quot;  VERBOSE=1 clean"/>
					<DistClean command="/usr/bin/make -j8 -f &quot;/home/strahinja/repo/tools/klee/Makefile&quot;  VERBOSE=1 clean"/>
				</MakeCommands>
			</Target>
			<Target title="klee/fast">
				<Option output="/home/strahinja/repo/bin/klee" prefix_auto="0" extension_auto="0"/>
				<Option working_dir="/home/strahinja/repo/bin"/>
				<Option object_output="./"/>
				<Option type="1"/>
				<Option compiler="gcc"/>
				<Compiler>
					<Add option="-D_GNU_SOURCE"/>
					<Add option="-D__STDC_CONSTANT_MACROS"/>
					<Add option="-D__STDC_FORMAT_MACROS"/>
					<Add option="-D__STDC_LIMIT_MACROS"/>
					<Add option="-DKLEE_UCLIBC_BCA_NAME=&quot;klee-uclibc.bca&quot;"/>
					<Add directory="/home/strahinja/repo/include"/>
					<Add directory="/home/strahinja/repo/klee/include"/>
					<Add directory="/usr/lib/llvm-6.0/include"/>
					<Add directory="/usr/include/c++/7"/>
					<Add directory="/usr/include/x86_64-linux-gnu/c++/7"/>
					<Add directory="/usr/include/c++/7/backward"/>
					<Add directory="/usr/lib/gcc/x86_64-linux-gnu/7/include"/>
					<Add directory="/usr/local/include"/>
					<Add directory="/usr/lib/gcc/x86_64-linux-gnu/7/include-fixed"/>
					<Add directory="/usr/include/x86_64-linux-gnu"/>
					<Add directory="/usr/include"/>
				</Compiler>
				<MakeCommands>
					<Build command="/usr/bin/make -j8 -f &quot;/home/strahinja/repo/tools/klee/Makefile&quot;  VERBOSE=1 klee/fast"/>
					<CompileFile command="/usr/bin/make -j8 -f &quot;/home/strahinja/repo/tools/klee/Makefile&quot;  VERBOSE=1 &quot;$file&quot;"/>
					<Clean command="/usr/bin/make -j8 -f &quot;/home/strahinja/repo/tools/klee/Makefile&quot;  VERBOSE=1 clean"/>
					<DistClean command="/usr/bin/make -j8 -f &quot;/home/strahinja/repo/tools/klee/Makefile&quot;  VERBOSE=1 clean"/>
				</MakeCommands>
			</Target>
			<Target title="klee-replay">
				<Option output="/home/strahinja/repo/bin/klee-replay" prefix_auto="0" extension_auto="0"/>
				<Option working_dir="/home/strahinja/repo/bin"/>
				<Option object_output="./"/>
				<Option type="1"/>
				<Option compiler="gcc"/>
				<Compiler>
					<Add option="-D_GNU_SOURCE"/>
					<Add option="-D__STDC_CONSTANT_MACROS"/>
					<Add option="-D__STDC_FORMAT_MACROS"/>
					<Add option="-D__STDC_LIMIT_MACROS"/>
					<Add option="-DKLEE_UCLIBC_BCA_NAME=&quot;klee-uclibc.bca&quot;"/>
					<Add directory="/home/strahinja/repo/include"/>
					<Add directory="/home/strahinja/repo/klee/include"/>
					<Add directory="/usr/lib/llvm-6.0/include"/>
					<Add directory="/usr/include/c++/7"/>
					<Add directory="/usr/include/x86_64-linux-gnu/c++/7"/>
					<Add directory="/usr/include/c++/7/backward"/>
					<Add directory="/usr/lib/gcc/x86_64-linux-gnu/7/include"/>
					<Add directory="/usr/local/include"/>
					<Add directory="/usr/lib/gcc/x86_64-linux-gnu/7/include-fixed"/>
					<Add directory="/usr/include/x86_64-linux-gnu"/>
					<Add directory="/usr/include"/>
				</Compiler>
				<MakeCommands>
					<Build command="/usr/bin/make -j8 -f &quot;/home/strahinja/repo/tools/klee-replay/Makefile&quot;  VERBOSE=1 klee-replay"/>
					<CompileFile command="/usr/bin/make -j8 -f &quot;/home/strahinja/repo/tools/klee-replay/Makefile&quot;  VERBOSE=1 &quot;$file&quot;"/>
					<Clean command="/usr/bin/make -j8 -f &quot;/home/strahinja/repo/tools/klee-replay/Makefile&quot;  VERBOSE=1 clean"/>
					<DistClean command="/usr/bin/make -j8 -f &quot;/home/strahinja/repo/tools/klee-replay/Makefile&quot;  VERBOSE=1 clean"/>
				</MakeCommands>
			</Target>
			<Target title="klee-replay/fast">
				<Option output="/home/strahinja/repo/bin/klee-replay" prefix_auto="0" extension_auto="0"/>
				<Option working_dir="/home/strahinja/repo/bin"/>
				<Option object_output="./"/>
				<Option type="1"/>
				<Option compiler="gcc"/>
				<Compiler>
					<Add option="-D_GNU_SOURCE"/>
					<Add option="-D__STDC_CONSTANT_MACROS"/>
					<Add option="-D__STDC_FORMAT_MACROS"/>
					<Add option="-D__STDC_LIMIT_MACROS"/>
					<Add option="-DKLEE_UCLIBC_BCA_NAME=&quot;klee-uclibc.bca&quot;"/>
					<Add directory="/home/strahinja/repo/include"/>
					<Add directory="/home/strahinja/repo/klee/include"/>
					<Add directory="/usr/lib/llvm-6.0/include"/>
					<Add directory="/usr/include/c++/7"/>
					<Add directory="/usr/include/x86_64-linux-gnu/c++/7"/>
					<Add directory="/usr/include/c++/7/backward"/>
					<Add directory="/usr/lib/gcc/x86_64-linux-gnu/7/include"/>
					<Add directory="/usr/local/include"/>
					<Add directory="/usr/lib/gcc/x86_64-linux-gnu/7/include-fixed"/>
					<Add directory="/usr/include/x86_64-linux-gnu"/>
					<Add directory="/usr/include"/>
				</Compiler>
				<MakeCommands>
					<Build command="/usr/bin/make -j8 -f &quot;/home/strahinja/repo/tools/klee-replay/Makefile&quot;  VERBOSE=1 klee-replay/fast"/>
					<CompileFile command="/usr/bin/make -j8 -f &quot;/home/strahinja/repo/tools/klee-replay/Makefile&quot;  VERBOSE=1 &quot;$file&quot;"/>
					<Clean command="/usr/bin/make -j8 -f &quot;/home/strahinja/repo/tools/klee-replay/Makefile&quot;  VERBOSE=1 clean"/>
					<DistClean command="/usr/bin/make -j8 -f &quot;/home/strahinja/repo/tools/klee-replay/Makefile&quot;  VERBOSE=1 clean"/>
				</MakeCommands>
			</Target>
			<Target title="doc-doxygen">
				<Option working_dir="/home/strahinja/repo/docs"/>
				<Option type="4"/>
				<MakeCommands>
					<Build command="/usr/bin/make -j8 -f &quot;/home/strahinja/repo/docs/Makefile&quot;  VERBOSE=1 doc-doxygen"/>
					<CompileFile command="/usr/bin/make -j8 -f &quot;/home/strahinja/repo/docs/Makefile&quot;  VERBOSE=1 &quot;$file&quot;"/>
					<Clean command="/usr/bin/make -j8 -f &quot;/home/strahinja/repo/docs/Makefile&quot;  VERBOSE=1 clean"/>
					<DistClean command="/usr/bin/make -j8 -f &quot;/home/strahinja/repo/docs/Makefile&quot;  VERBOSE=1 clean"/>
				</MakeCommands>
			</Target>
			<Target title="docs">
				<Option working_dir="/home/strahinja/repo/docs"/>
				<Option type="4"/>
				<MakeCommands>
					<Build command="/usr/bin/make -j8 -f &quot;/home/strahinja/repo/docs/Makefile&quot;  VERBOSE=1 docs"/>
					<CompileFile command="/usr/bin/make -j8 -f &quot;/home/strahinja/repo/docs/Makefile&quot;  VERBOSE=1 &quot;$file&quot;"/>
					<Clean command="/usr/bin/make -j8 -f &quot;/home/strahinja/repo/docs/Makefile&quot;  VERBOSE=1 clean"/>
					<DistClean command="/usr/bin/make -j8 -f &quot;/home/strahinja/repo/docs/Makefile&quot;  VERBOSE=1 clean"/>
				</MakeCommands>
			</Target>
			<Target title="clean_doxygen">
				<Option working_dir="/home/strahinja/repo/docs"/>
				<Option type="4"/>
				<MakeCommands>
					<Build command="/usr/bin/make -j8 -f &quot;/home/strahinja/repo/docs/Makefile&quot;  VERBOSE=1 clean_doxygen"/>
					<CompileFile command="/usr/bin/make -j8 -f &quot;/home/strahinja/repo/docs/Makefile&quot;  VERBOSE=1 &quot;$file&quot;"/>
					<Clean command="/usr/bin/make -j8 -f &quot;/home/strahinja/repo/docs/Makefile&quot;  VERBOSE=1 clean"/>
					<DistClean command="/usr/bin/make -j8 -f &quot;/home/strahinja/repo/docs/Makefile&quot;  VERBOSE=1 clean"/>
				</MakeCommands>
			</Target>
		</Build>
		<Unit filename="/home/strahinja/repo/klee/lib/Basic/KTest.cpp">
			<Option target="kleeBasic"/>
			<Option target="kleeRuntest"/>
		</Unit>
		<Unit filename="/home/strahinja/repo/klee/lib/Basic/Statistics.cpp">
			<Option target="kleeBasic"/>
		</Unit>
		<Unit filename="/home/strahinja/repo/klee/lib/Core/AddressSpace.cpp">
			<Option target="kleeCore"/>
		</Unit>
		<Unit filename="/home/strahinja/repo/klee/lib/Core/AddressSpace.h">
			<Option target="kleeCore"/>
		</Unit>
		<Unit filename="/home/strahinja/repo/klee/lib/Core/CallPathManager.cpp">
			<Option target="kleeCore"/>
		</Unit>
		<Unit filename="/home/strahinja/repo/klee/lib/Core/CallPathManager.h">
			<Option target="kleeCore"/>
		</Unit>
		<Unit filename="/home/strahinja/repo/klee/lib/Core/Context.cpp">
			<Option target="kleeCore"/>
		</Unit>
		<Unit filename="/home/strahinja/repo/klee/lib/Core/Context.h">
			<Option target="kleeCore"/>
		</Unit>
		<Unit filename="/home/strahinja/repo/klee/lib/Core/CoreStats.cpp">
			<Option target="kleeCore"/>
		</Unit>
		<Unit filename="/home/strahinja/repo/klee/lib/Core/CoreStats.h">
			<Option target="kleeCore"/>
		</Unit>
		<Unit filename="/home/strahinja/repo/klee/lib/Core/ExecutionState.cpp">
			<Option target="kleeCore"/>
		</Unit>
		<Unit filename="/home/strahinja/repo/klee/lib/Core/Executor.cpp">
			<Option target="kleeCore"/>
		</Unit>
		<Unit filename="/home/strahinja/repo/klee/lib/Core/Executor.h">
			<Option target="kleeCore"/>
		</Unit>
		<Unit filename="/home/strahinja/repo/klee/lib/Core/ExecutorUtil.cpp">
			<Option target="kleeCore"/>
		</Unit>
		<Unit filename="/home/strahinja/repo/klee/lib/Core/ExternalDispatcher.cpp">
			<Option target="kleeCore"/>
		</Unit>
		<Unit filename="/home/strahinja/repo/klee/lib/Core/ExternalDispatcher.h">
			<Option target="kleeCore"/>
		</Unit>
		<Unit filename="/home/strahinja/repo/klee/lib/Core/ImpliedValue.cpp">
			<Option target="kleeCore"/>
		</Unit>
		<Unit filename="/home/strahinja/repo/klee/lib/Core/ImpliedValue.h">
			<Option target="kleeCore"/>
		</Unit>
		<Unit filename="/home/strahinja/repo/klee/lib/Core/Memory.cpp">
			<Option target="kleeCore"/>
		</Unit>
		<Unit filename="/home/strahinja/repo/klee/lib/Core/Memory.h">
			<Option target="kleeCore"/>
		</Unit>
		<Unit filename="/home/strahinja/repo/klee/lib/Core/MemoryManager.cpp">
			<Option target="kleeCore"/>
		</Unit>
		<Unit filename="/home/strahinja/repo/klee/lib/Core/MemoryManager.h">
			<Option target="kleeCore"/>
		</Unit>
		<Unit filename="/home/strahinja/repo/klee/lib/Core/MergeHandler.cpp">
			<Option target="kleeCore"/>
		</Unit>
		<Unit filename="/home/strahinja/repo/klee/lib/Core/PTree.cpp">
			<Option target="kleeCore"/>
		</Unit>
		<Unit filename="/home/strahinja/repo/klee/lib/Core/PTree.h">
			<Option target="kleeCore"/>
		</Unit>
		<Unit filename="/home/strahinja/repo/klee/lib/Core/Searcher.cpp">
			<Option target="kleeCore"/>
		</Unit>
		<Unit filename="/home/strahinja/repo/klee/lib/Core/Searcher.h">
			<Option target="kleeCore"/>
		</Unit>
		<Unit filename="/home/strahinja/repo/klee/lib/Core/SeedInfo.cpp">
			<Option target="kleeCore"/>
		</Unit>
		<Unit filename="/home/strahinja/repo/klee/lib/Core/SeedInfo.h">
			<Option target="kleeCore"/>
		</Unit>
		<Unit filename="/home/strahinja/repo/klee/lib/Core/SpecialFunctionHandler.cpp">
			<Option target="kleeCore"/>
		</Unit>
		<Unit filename="/home/strahinja/repo/klee/lib/Core/SpecialFunctionHandler.h">
			<Option target="kleeCore"/>
		</Unit>
		<Unit filename="/home/strahinja/repo/klee/lib/Core/StatsTracker.cpp">
			<Option target="kleeCore"/>
		</Unit>
		<Unit filename="/home/strahinja/repo/klee/lib/Core/StatsTracker.h">
			<Option target="kleeCore"/>
		</Unit>
		<Unit filename="/home/strahinja/repo/klee/lib/Core/TimingSolver.cpp">
			<Option target="kleeCore"/>
		</Unit>
		<Unit filename="/home/strahinja/repo/klee/lib/Core/TimingSolver.h">
			<Option target="kleeCore"/>
		</Unit>
		<Unit filename="/home/strahinja/repo/klee/lib/Core/UserSearcher.cpp">
			<Option target="kleeCore"/>
		</Unit>
		<Unit filename="/home/strahinja/repo/klee/lib/Core/UserSearcher.h">
			<Option target="kleeCore"/>
		</Unit>
		<Unit filename="/home/strahinja/repo/klee/lib/Expr/ArrayCache.cpp">
			<Option target="kleaverExpr"/>
		</Unit>
		<Unit filename="/home/strahinja/repo/klee/lib/Expr/ArrayExprOptimizer.cpp">
			<Option target="kleaverExpr"/>
		</Unit>
		<Unit filename="/home/strahinja/repo/klee/lib/Expr/ArrayExprOptimizer.h">
			<Option target="kleaverExpr"/>
		</Unit>
		<Unit filename="/home/strahinja/repo/klee/lib/Expr/ArrayExprRewriter.cpp">
			<Option target="kleaverExpr"/>
		</Unit>
		<Unit filename="/home/strahinja/repo/klee/lib/Expr/ArrayExprRewriter.h">
			<Option target="kleaverExpr"/>
		</Unit>
		<Unit filename="/home/strahinja/repo/klee/lib/Expr/ArrayExprVisitor.cpp">
			<Option target="kleaverExpr"/>
		</Unit>
		<Unit filename="/home/strahinja/repo/klee/lib/Expr/ArrayExprVisitor.h">
			<Option target="kleaverExpr"/>
		</Unit>
		<Unit filename="/home/strahinja/repo/klee/lib/Expr/Assignment.cpp">
			<Option target="kleaverExpr"/>
		</Unit>
		<Unit filename="/home/strahinja/repo/klee/lib/Expr/AssignmentGenerator.cpp">
			<Option target="kleaverExpr"/>
		</Unit>
		<Unit filename="/home/strahinja/repo/klee/lib/Expr/AssignmentGenerator.h">
			<Option target="kleaverExpr"/>
		</Unit>
		<Unit filename="/home/strahinja/repo/klee/lib/Expr/Constraints.cpp">
			<Option target="kleaverExpr"/>
		</Unit>
		<Unit filename="/home/strahinja/repo/klee/lib/Expr/Expr.cpp">
			<Option target="kleaverExpr"/>
		</Unit>
		<Unit filename="/home/strahinja/repo/klee/lib/Expr/ExprBuilder.cpp">
			<Option target="kleaverExpr"/>
		</Unit>
		<Unit filename="/home/strahinja/repo/klee/lib/Expr/ExprEvaluator.cpp">
			<Option target="kleaverExpr"/>
		</Unit>
		<Unit filename="/home/strahinja/repo/klee/lib/Expr/ExprPPrinter.cpp">
			<Option target="kleaverExpr"/>
		</Unit>
		<Unit filename="/home/strahinja/repo/klee/lib/Expr/ExprSMTLIBPrinter.cpp">
			<Option target="kleaverExpr"/>
		</Unit>
		<Unit filename="/home/strahinja/repo/klee/lib/Expr/ExprUtil.cpp">
			<Option target="kleaverExpr"/>
		</Unit>
		<Unit filename="/home/strahinja/repo/klee/lib/Expr/ExprVisitor.cpp">
			<Option target="kleaverExpr"/>
		</Unit>
		<Unit filename="/home/strahinja/repo/klee/lib/Expr/Lexer.cpp">
			<Option target="kleaverExpr"/>
		</Unit>
		<Unit filename="/home/strahinja/repo/klee/lib/Expr/Parser.cpp">
			<Option target="kleaverExpr"/>
		</Unit>
		<Unit filename="/home/strahinja/repo/klee/lib/Expr/Updates.cpp">
			<Option target="kleaverExpr"/>
		</Unit>
		<Unit filename="/home/strahinja/repo/klee/lib/Module/Checks.cpp">
			<Option target="kleeModule"/>
		</Unit>
		<Unit filename="/home/strahinja/repo/klee/lib/Module/FunctionAlias.cpp">
			<Option target="kleeModule"/>
		</Unit>
		<Unit filename="/home/strahinja/repo/klee/lib/Module/InstructionInfoTable.cpp">
			<Option target="kleeModule"/>
		</Unit>
		<Unit filename="/home/strahinja/repo/klee/lib/Module/InstructionOperandTypeCheckPass.cpp">
			<Option target="kleeModule"/>
		</Unit>
		<Unit filename="/home/strahinja/repo/klee/lib/Module/IntrinsicCleaner.cpp">
			<Option target="kleeModule"/>
		</Unit>
		<Unit filename="/home/strahinja/repo/klee/lib/Module/KInstruction.cpp">
			<Option target="kleeModule"/>
		</Unit>
		<Unit filename="/home/strahinja/repo/klee/lib/Module/KModule.cpp">
			<Option target="kleeModule"/>
		</Unit>
		<Unit filename="/home/strahinja/repo/klee/lib/Module/LowerSwitch.cpp">
			<Option target="kleeModule"/>
		</Unit>
		<Unit filename="/home/strahinja/repo/klee/lib/Module/ModuleUtil.cpp">
			<Option target="kleeModule"/>
		</Unit>
		<Unit filename="/home/strahinja/repo/klee/lib/Module/OptNone.cpp">
			<Option target="kleeModule"/>
		</Unit>
		<Unit filename="/home/strahinja/repo/klee/lib/Module/Optimize.cpp">
			<Option target="kleeModule"/>
		</Unit>
		<Unit filename="/home/strahinja/repo/klee/lib/Module/PhiCleaner.cpp">
			<Option target="kleeModule"/>
		</Unit>
		<Unit filename="/home/strahinja/repo/klee/lib/Module/RaiseAsm.cpp">
			<Option target="kleeModule"/>
		</Unit>
		<Unit filename="/home/strahinja/repo/klee/lib/Module/WorkaroundLLVMPR39177.cpp">
			<Option target="kleeModule"/>
		</Unit>
		<Unit filename="/home/strahinja/repo/klee/lib/Solver/AssignmentValidatingSolver.cpp">
			<Option target="kleaverSolver"/>
		</Unit>
		<Unit filename="/home/strahinja/repo/klee/lib/Solver/CachingSolver.cpp">
			<Option target="kleaverSolver"/>
		</Unit>
		<Unit filename="/home/strahinja/repo/klee/lib/Solver/CexCachingSolver.cpp">
			<Option target="kleaverSolver"/>
		</Unit>
		<Unit filename="/home/strahinja/repo/klee/lib/Solver/ConstantDivision.cpp">
			<Option target="kleaverSolver"/>
		</Unit>
		<Unit filename="/home/strahinja/repo/klee/lib/Solver/ConstantDivision.h">
			<Option target="kleaverSolver"/>
		</Unit>
		<Unit filename="/home/strahinja/repo/klee/lib/Solver/ConstructSolverChain.cpp">
			<Option target="kleaverSolver"/>
		</Unit>
		<Unit filename="/home/strahinja/repo/klee/lib/Solver/CoreSolver.cpp">
			<Option target="kleaverSolver"/>
		</Unit>
		<Unit filename="/home/strahinja/repo/klee/lib/Solver/DummySolver.cpp">
			<Option target="kleaverSolver"/>
		</Unit>
		<Unit filename="/home/strahinja/repo/klee/lib/Solver/FastCexSolver.cpp">
			<Option target="kleaverSolver"/>
		</Unit>
		<Unit filename="/home/strahinja/repo/klee/lib/Solver/IncompleteSolver.cpp">
			<Option target="kleaverSolver"/>
		</Unit>
		<Unit filename="/home/strahinja/repo/klee/lib/Solver/IndependentSolver.cpp">
			<Option target="kleaverSolver"/>
		</Unit>
		<Unit filename="/home/strahinja/repo/klee/lib/Solver/KQueryLoggingSolver.cpp">
			<Option target="kleaverSolver"/>
		</Unit>
		<Unit filename="/home/strahinja/repo/klee/lib/Solver/MetaSMTSolver.cpp">
			<Option target="kleaverSolver"/>
		</Unit>
		<Unit filename="/home/strahinja/repo/klee/lib/Solver/MetaSMTSolver.h">
			<Option target="kleaverSolver"/>
		</Unit>
		<Unit filename="/home/strahinja/repo/klee/lib/Solver/QueryLoggingSolver.cpp">
			<Option target="kleaverSolver"/>
		</Unit>
		<Unit filename="/home/strahinja/repo/klee/lib/Solver/QueryLoggingSolver.h">
			<Option target="kleaverSolver"/>
		</Unit>
		<Unit filename="/home/strahinja/repo/klee/lib/Solver/SMTLIBLoggingSolver.cpp">
			<Option target="kleaverSolver"/>
		</Unit>
		<Unit filename="/home/strahinja/repo/klee/lib/Solver/STPBuilder.cpp">
			<Option target="kleaverSolver"/>
		</Unit>
		<Unit filename="/home/strahinja/repo/klee/lib/Solver/STPBuilder.h">
			<Option target="kleaverSolver"/>
		</Unit>
		<Unit filename="/home/strahinja/repo/klee/lib/Solver/STPSolver.cpp">
			<Option target="kleaverSolver"/>
		</Unit>
		<Unit filename="/home/strahinja/repo/klee/lib/Solver/STPSolver.h">
			<Option target="kleaverSolver"/>
		</Unit>
		<Unit filename="/home/strahinja/repo/klee/lib/Solver/Solver.cpp">
			<Option target="kleaverSolver"/>
		</Unit>
		<Unit filename="/home/strahinja/repo/klee/lib/Solver/SolverCmdLine.cpp">
			<Option target="kleaverSolver"/>
		</Unit>
		<Unit filename="/home/strahinja/repo/klee/lib/Solver/SolverImpl.cpp">
			<Option target="kleaverSolver"/>
		</Unit>
		<Unit filename="/home/strahinja/repo/klee/lib/Solver/SolverStats.cpp">
			<Option target="kleaverSolver"/>
		</Unit>
		<Unit filename="/home/strahinja/repo/klee/lib/Solver/ValidatingSolver.cpp">
			<Option target="kleaverSolver"/>
		</Unit>
		<Unit filename="/home/strahinja/repo/klee/lib/Solver/Z3Builder.cpp">
			<Option target="kleaverSolver"/>
		</Unit>
		<Unit filename="/home/strahinja/repo/klee/lib/Solver/Z3Builder.h">
			<Option target="kleaverSolver"/>
		</Unit>
		<Unit filename="/home/strahinja/repo/klee/lib/Solver/Z3Solver.cpp">
			<Option target="kleaverSolver"/>
		</Unit>
		<Unit filename="/home/strahinja/repo/klee/lib/Solver/Z3Solver.h">
			<Option target="kleaverSolver"/>
		</Unit>
		<Unit filename="/home/strahinja/repo/klee/lib/Support/CompressionStream.cpp">
			<Option target="kleeSupport"/>
		</Unit>
		<Unit filename="/home/strahinja/repo/klee/lib/Support/ErrorHandling.cpp">
			<Option target="kleeSupport"/>
		</Unit>
		<Unit filename="/home/strahinja/repo/klee/lib/Support/FileHandling.cpp">
			<Option target="kleeSupport"/>
		</Unit>
		<Unit filename="/home/strahinja/repo/klee/lib/Support/MemoryUsage.cpp">
			<Option target="kleeSupport"/>
		</Unit>
		<Unit filename="/home/strahinja/repo/klee/lib/Support/PrintVersion.cpp">
			<Option target="kleeSupport"/>
		</Unit>
		<Unit filename="/home/strahinja/repo/klee/lib/Support/RNG.cpp">
			<Option target="kleeSupport"/>
		</Unit>
		<Unit filename="/home/strahinja/repo/klee/lib/Support/Time.cpp">
			<Option target="kleeSupport"/>
		</Unit>
		<Unit filename="/home/strahinja/repo/klee/lib/Support/Timer.cpp">
			<Option target="kleeSupport"/>
		</Unit>
		<Unit filename="/home/strahinja/repo/klee/lib/Support/TreeStream.cpp">
			<Option target="kleeSupport"/>
		</Unit>
		<Unit filename="/home/strahinja/repo/klee/runtime/Runtest/intrinsics.c">
			<Option target="kleeRuntest"/>
		</Unit>
		<Unit filename="/home/strahinja/repo/klee/tools/gen-bout/gen-bout.cpp">
			<Option target="gen-bout"/>
		</Unit>
		<Unit filename="/home/strahinja/repo/klee/tools/gen-random-bout/gen-random-bout.cpp">
			<Option target="gen-random-bout"/>
		</Unit>
		<Unit filename="/home/strahinja/repo/klee/tools/kleaver/main.cpp">
			<Option target="kleaver"/>
		</Unit>
		<Unit filename="/home/strahinja/repo/klee/tools/klee-replay/fd_init.c">
			<Option target="klee-replay"/>
		</Unit>
		<Unit filename="/home/strahinja/repo/klee/tools/klee-replay/file-creator.c">
			<Option target="klee-replay"/>
		</Unit>
		<Unit filename="/home/strahinja/repo/klee/tools/klee-replay/klee-replay.c">
			<Option target="klee-replay"/>
		</Unit>
		<Unit filename="/home/strahinja/repo/klee/tools/klee-replay/klee-replay.h">
			<Option target="klee-replay"/>
		</Unit>
		<Unit filename="/home/strahinja/repo/klee/tools/klee-replay/klee_init_env.c">
			<Option target="klee-replay"/>
		</Unit>
		<Unit filename="/home/strahinja/repo/klee/tools/klee/main.cpp">
			<Option target="klee"/>
		</Unit>
		<Unit filename="/home/strahinja/repo/klee/CMakeLists.txt">
			<Option virtualFolder="CMake Files\"/>
		</Unit>
		<Unit filename="/home/strahinja/repo/klee/cmake/GetGitRevisionDescription.cmake">
			<Option virtualFolder="CMake Files\cmake\"/>
		</Unit>
		<Unit filename="/home/strahinja/repo/klee/cmake/GetGitRevisionDescription.cmake.in">
			<Option virtualFolder="CMake Files\cmake\"/>
		</Unit>
		<Unit filename="/home/strahinja/repo/klee/cmake/add_global_flag.cmake">
			<Option virtualFolder="CMake Files\cmake\"/>
		</Unit>
		<Unit filename="/home/strahinja/repo/klee/cmake/c_flags_override.cmake">
			<Option virtualFolder="CMake Files\cmake\"/>
		</Unit>
		<Unit filename="/home/strahinja/repo/klee/cmake/compiler_warnings.cmake">
			<Option virtualFolder="CMake Files\cmake\"/>
		</Unit>
		<Unit filename="/home/strahinja/repo/klee/cmake/cxx_flags_override.cmake">
			<Option virtualFolder="CMake Files\cmake\"/>
		</Unit>
		<Unit filename="/home/strahinja/repo/klee/cmake/find_bitcode_compiler.cmake">
			<Option virtualFolder="CMake Files\cmake\"/>
		</Unit>
		<Unit filename="/home/strahinja/repo/klee/cmake/find_llvm.cmake">
			<Option virtualFolder="CMake Files\cmake\"/>
		</Unit>
		<Unit filename="/home/strahinja/repo/klee/cmake/find_metasmt.cmake">
			<Option virtualFolder="CMake Files\cmake\"/>
		</Unit>
		<Unit filename="/home/strahinja/repo/klee/cmake/find_stp.cmake">
			<Option virtualFolder="CMake Files\cmake\"/>
		</Unit>
		<Unit filename="/home/strahinja/repo/klee/cmake/find_z3.cmake">
			<Option virtualFolder="CMake Files\cmake\"/>
		</Unit>
		<Unit filename="/home/strahinja/repo/klee/cmake/klee_add_component.cmake">
			<Option virtualFolder="CMake Files\cmake\"/>
		</Unit>
		<Unit filename="/home/strahinja/repo/klee/cmake/klee_component_add_cxx_flag.cmake">
			<Option virtualFolder="CMake Files\cmake\"/>
		</Unit>
		<Unit filename="/home/strahinja/repo/klee/cmake/string_to_list.cmake">
			<Option virtualFolder="CMake Files\cmake\"/>
		</Unit>
		<Unit filename="/home/strahinja/repo/klee/cmake/workaround_llvm_pr39177.cmake">
			<Option virtualFolder="CMake Files\cmake\"/>
		</Unit>
		<Unit filename="/home/strahinja/repo/klee/cmake/modules/FindSQLite3.cmake">
			<Option virtualFolder="CMake Files\cmake\modules\"/>
		</Unit>
		<Unit filename="/home/strahinja/repo/klee/cmake/modules/FindZ3.cmake">
			<Option virtualFolder="CMake Files\cmake\modules\"/>
		</Unit>
		<Unit filename="/home/strahinja/repo/klee/../../../../usr/local/lib/cmake/STP/STPConfig.cmake">
			<Option virtualFolder="CMake Files\..\..\..\..\usr\local\lib\cmake\STP\"/>
		</Unit>
		<Unit filename="/home/strahinja/repo/klee/../../../../usr/local/lib/cmake/STP/STPConfigVersion.cmake">
			<Option virtualFolder="CMake Files\..\..\..\..\usr\local\lib\cmake\STP\"/>
		</Unit>
		<Unit filename="/home/strahinja/repo/klee/../../../../usr/local/lib/cmake/STP/STPTargets-relwithdebinfo.cmake">
			<Option virtualFolder="CMake Files\..\..\..\..\usr\local\lib\cmake\STP\"/>
		</Unit>
		<Unit filename="/home/strahinja/repo/klee/../../../../usr/local/lib/cmake/STP/STPTargets.cmake">
			<Option virtualFolder="CMake Files\..\..\..\..\usr\local\lib\cmake\STP\"/>
		</Unit>
		<Unit filename="/home/strahinja/repo/klee/../runtime/BuildKLEERuntimes-prefix/tmp/BuildKLEERuntimes-cfgcmd.txt.in">
			<Option virtualFolder="CMake Files\..\runtime\BuildKLEERuntimes-prefix\tmp\"/>
		</Unit>
		<Unit filename="/home/strahinja/repo/klee/include/klee/Config/CompileTimeInfo.h.cmin">
			<Option virtualFolder="CMake Files\include\klee\Config\"/>
		</Unit>
		<Unit filename="/home/strahinja/repo/klee/include/klee/Config/config.h.cmin">
			<Option virtualFolder="CMake Files\include\klee\Config\"/>
		</Unit>
		<Unit filename="/home/strahinja/repo/klee/.git/HEAD">
			<Option virtualFolder="CMake Files\.git\"/>
		</Unit>
		<Unit filename="/home/strahinja/repo/klee/.git/refs/heads/master">
			<Option virtualFolder="CMake Files\.git\refs\heads\"/>
		</Unit>
		<Unit filename="/home/strahinja/repo/klee/lib/CMakeLists.txt">
			<Option virtualFolder="CMake Files\lib\"/>
		</Unit>
		<Unit filename="/home/strahinja/repo/klee/lib/Basic/CMakeLists.txt">
			<Option virtualFolder="CMake Files\lib\Basic\"/>
		</Unit>
		<Unit filename="/home/strahinja/repo/klee/lib/Support/CMakeLists.txt">
			<Option virtualFolder="CMake Files\lib\Support\"/>
		</Unit>
		<Unit filename="/home/strahinja/repo/klee/lib/Expr/CMakeLists.txt">
			<Option virtualFolder="CMake Files\lib\Expr\"/>
		</Unit>
		<Unit filename="/home/strahinja/repo/klee/lib/Solver/CMakeLists.txt">
			<Option virtualFolder="CMake Files\lib\Solver\"/>
		</Unit>
		<Unit filename="/home/strahinja/repo/klee/lib/Module/CMakeLists.txt">
			<Option virtualFolder="CMake Files\lib\Module\"/>
		</Unit>
		<Unit filename="/home/strahinja/repo/klee/lib/Core/CMakeLists.txt">
			<Option virtualFolder="CMake Files\lib\Core\"/>
		</Unit>
		<Unit filename="/home/strahinja/repo/klee/runtime/CMakeLists.txt">
			<Option virtualFolder="CMake Files\runtime\"/>
		</Unit>
		<Unit filename="/home/strahinja/repo/klee/runtime/Makefile.cmake.bitcode">
			<Option virtualFolder="CMake Files\runtime\"/>
		</Unit>
		<Unit filename="/home/strahinja/repo/klee/runtime/Makefile.cmake.bitcode.config.in">
			<Option virtualFolder="CMake Files\runtime\"/>
		</Unit>
		<Unit filename="/home/strahinja/repo/klee/runtime/Makefile.cmake.bitcode.rules">
			<Option virtualFolder="CMake Files\runtime\"/>
		</Unit>
		<Unit filename="/home/strahinja/repo/klee/runtime/Intrinsic/Makefile.cmake.bitcode">
			<Option virtualFolder="CMake Files\runtime\Intrinsic\"/>
		</Unit>
		<Unit filename="/home/strahinja/repo/klee/runtime/klee-libc/Makefile.cmake.bitcode">
			<Option virtualFolder="CMake Files\runtime\klee-libc\"/>
		</Unit>
		<Unit filename="/home/strahinja/repo/klee/runtime/FreeStanding/Makefile.cmake.bitcode">
			<Option virtualFolder="CMake Files\runtime\FreeStanding\"/>
		</Unit>
		<Unit filename="/home/strahinja/repo/klee/runtime/POSIX/Makefile.cmake.bitcode">
			<Option virtualFolder="CMake Files\runtime\POSIX\"/>
		</Unit>
		<Unit filename="/home/strahinja/repo/klee/runtime/Runtest/CMakeLists.txt">
			<Option virtualFolder="CMake Files\runtime\Runtest\"/>
		</Unit>
		<Unit filename="/home/strahinja/repo/klee/tools/CMakeLists.txt">
			<Option virtualFolder="CMake Files\tools\"/>
		</Unit>
		<Unit filename="/home/strahinja/repo/klee/tools/gen-bout/CMakeLists.txt">
			<Option virtualFolder="CMake Files\tools\gen-bout\"/>
		</Unit>
		<Unit filename="/home/strahinja/repo/klee/tools/gen-random-bout/CMakeLists.txt">
			<Option virtualFolder="CMake Files\tools\gen-random-bout\"/>
		</Unit>
		<Unit filename="/home/strahinja/repo/klee/tools/kleaver/CMakeLists.txt">
			<Option virtualFolder="CMake Files\tools\kleaver\"/>
		</Unit>
		<Unit filename="/home/strahinja/repo/klee/tools/klee/CMakeLists.txt">
			<Option virtualFolder="CMake Files\tools\klee\"/>
		</Unit>
		<Unit filename="/home/strahinja/repo/klee/tools/klee-replay/CMakeLists.txt">
			<Option virtualFolder="CMake Files\tools\klee-replay\"/>
		</Unit>
		<Unit filename="/home/strahinja/repo/klee/tools/klee-stats/CMakeLists.txt">
			<Option virtualFolder="CMake Files\tools\klee-stats\"/>
		</Unit>
		<Unit filename="/home/strahinja/repo/klee/tools/klee-stats/klee-stats">
			<Option virtualFolder="CMake Files\tools\klee-stats\"/>
		</Unit>
		<Unit filename="/home/strahinja/repo/klee/tools/ktest-tool/CMakeLists.txt">
			<Option virtualFolder="CMake Files\tools\ktest-tool\"/>
		</Unit>
		<Unit filename="/home/strahinja/repo/klee/tools/ktest-tool/ktest-tool">
			<Option virtualFolder="CMake Files\tools\ktest-tool\"/>
		</Unit>
		<Unit filename="/home/strahinja/repo/klee/docs/CMakeLists.txt">
			<Option virtualFolder="CMake Files\docs\"/>
		</Unit>
		<Unit filename="/home/strahinja/repo/klee/docs/doxygen.cfg.in">
			<Option virtualFolder="CMake Files\docs\"/>
		</Unit>
	</Project>
</CodeBlocks_project_file>
